
Microsoft Visual Studio Solution File, Format Version 12.00
# Visual Studio 15
VisualStudioVersion = 15.0.26124.0
MinimumVisualStudioVersion = 15.0.26124.0
Project("{FAE04EC0-301F-11D3-BF4B-00C04F79EFBC}") = "Domain", "src\Domain\Domain.csproj", "{D0CBF8CA-A069-48F1-A32A-DF56C1F6F3DC}"
EndProject
Project("{FAE04EC0-301F-11D3-BF4B-00C04F79EFBC}") = "Persistence", "src\Persistence\Persistence.csproj", "{4DCD2FDC-FC0B-43C9-BDD8-833D8C194D56}"
EndProject
Project("{FAE04EC0-301F-11D3-BF4B-00C04F79EFBC}") = "Application", "src\Application\Application.csproj", "{47C63E77-BDEA-412F-9B5B-69D7474A302D}"
EndProject
Project("{FAE04EC0-301F-11D3-BF4B-00C04F79EFBC}") = "API", "src\API\API.csproj", "{4F6C359F-D6EF-4BAD-B30B-862F55BDE149}"
EndProject
Global
	GlobalSection(SolutionConfigurationPlatforms) = preSolution
		Debug|Any CPU = Debug|Any CPU
		Debug|x64 = Debug|x64
		Debug|x86 = Debug|x86
		Release|Any CPU = Release|Any CPU
		Release|x64 = Release|x64
		Release|x86 = Release|x86
	EndGlobalSection
	GlobalSection(SolutionProperties) = preSolution
		HideSolutionNode = FALSE
	EndGlobalSection
	GlobalSection(ProjectConfigurationPlatforms) = postSolution
		{D0CBF8CA-A069-48F1-A32A-DF56C1F6F3DC}.Debug|Any CPU.ActiveCfg = Debug|Any CPU
		{D0CBF8CA-A069-48F1-A32A-DF56C1F6F3DC}.Debug|Any CPU.Build.0 = Debug|Any CPU
		{D0CBF8CA-A069-48F1-A32A-DF56C1F6F3DC}.Debug|x64.ActiveCfg = Debug|Any CPU
		{D0CBF8CA-A069-48F1-A32A-DF56C1F6F3DC}.Debug|x64.Build.0 = Debug|Any CPU
		{D0CBF8CA-A069-48F1-A32A-DF56C1F6F3DC}.Debug|x86.ActiveCfg = Debug|Any CPU
		{D0CBF8CA-A069-48F1-A32A-DF56C1F6F3DC}.Debug|x86.Build.0 = Debug|Any CPU
		{D0CBF8CA-A069-48F1-A32A-DF56C1F6F3DC}.Release|Any CPU.ActiveCfg = Release|Any CPU
		{D0CBF8CA-A069-48F1-A32A-DF56C1F6F3DC}.Release|Any CPU.Build.0 = Release|Any CPU
		{D0CBF8CA-A069-48F1-A32A-DF56C1F6F3DC}.Release|x64.ActiveCfg = Release|Any CPU
		{D0CBF8CA-A069-48F1-A32A-DF56C1F6F3DC}.Release|x64.Build.0 = Release|Any CPU
		{D0CBF8CA-A069-48F1-A32A-DF56C1F6F3DC}.Release|x86.ActiveCfg = Release|Any CPU
		{D0CBF8CA-A069-48F1-A32A-DF56C1F6F3DC}.Release|x86.Build.0 = Release|Any CPU
		{4DCD2FDC-FC0B-43C9-BDD8-833D8C194D56}.Debug|Any CPU.ActiveCfg = Debug|Any CPU
		{4DCD2FDC-FC0B-43C9-BDD8-833D8C194D56}.Debug|Any CPU.Build.0 = Debug|Any CPU
		{4DCD2FDC-FC0B-43C9-BDD8-833D8C194D56}.Debug|x64.ActiveCfg = Debug|Any CPU
		{4DCD2FDC-FC0B-43C9-BDD8-833D8C194D56}.Debug|x64.Build.0 = Debug|Any CPU
		{4DCD2FDC-FC0B-43C9-BDD8-833D8C194D56}.Debug|x86.ActiveCfg = Debug|Any CPU
		{4DCD2FDC-FC0B-43C9-BDD8-833D8C194D56}.Debug|x86.Build.0 = Debug|Any CPU
		{4DCD2FDC-FC0B-43C9-BDD8-833D8C194D56}.Release|Any CPU.ActiveCfg = Release|Any CPU
		{4DCD2FDC-FC0B-43C9-BDD8-833D8C194D56}.Release|Any CPU.Build.0 = Release|Any CPU
		{4DCD2FDC-FC0B-43C9-BDD8-833D8C194D56}.Release|x64.ActiveCfg = Release|Any CPU
		{4DCD2FDC-FC0B-43C9-BDD8-833D8C194D56}.Release|x64.Build.0 = Release|Any CPU
		{4DCD2FDC-FC0B-43C9-BDD8-833D8C194D56}.Release|x86.ActiveCfg = Release|Any CPU
		{4DCD2FDC-FC0B-43C9-BDD8-833D8C194D56}.Release|x86.Build.0 = Release|Any CPU
		{47C63E77-BDEA-412F-9B5B-69D7474A302D}.Debug|Any CPU.ActiveCfg = Debug|Any CPU
		{47C63E77-BDEA-412F-9B5B-69D7474A302D}.Debug|Any CPU.Build.0 = Debug|Any CPU
		{47C63E77-BDEA-412F-9B5B-69D7474A302D}.Debug|x64.ActiveCfg = Debug|Any CPU
		{47C63E77-BDEA-412F-9B5B-69D7474A302D}.Debug|x64.Build.0 = Debug|Any CPU
		{47C63E77-BDEA-412F-9B5B-69D7474A302D}.Debug|x86.ActiveCfg = Debug|Any CPU
		{47C63E77-BDEA-412F-9B5B-69D7474A302D}.Debug|x86.Build.0 = Debug|Any CPU
		{47C63E77-BDEA-412F-9B5B-69D7474A302D}.Release|Any CPU.ActiveCfg = Release|Any CPU
		{47C63E77-BDEA-412F-9B5B-69D7474A302D}.Release|Any CPU.Build.0 = Release|Any CPU
		{47C63E77-BDEA-412F-9B5B-69D7474A302D}.Release|x64.ActiveCfg = Release|Any CPU
		{47C63E77-BDEA-412F-9B5B-69D7474A302D}.Release|x64.Build.0 = Release|Any CPU
		{47C63E77-BDEA-412F-9B5B-69D7474A302D}.Release|x86.ActiveCfg = Release|Any CPU
		{47C63E77-BDEA-412F-9B5B-69D7474A302D}.Release|x86.Build.0 = Release|Any CPU
		{4F6C359F-D6EF-4BAD-B30B-862F55BDE149}.Debug|Any CPU.ActiveCfg = Debug|Any CPU
		{4F6C359F-D6EF-4BAD-B30B-862F55BDE149}.Debug|Any CPU.Build.0 = Debug|Any CPU
		{4F6C359F-D6EF-4BAD-B30B-862F55BDE149}.Debug|x64.ActiveCfg = Debug|Any CPU
		{4F6C359F-D6EF-4BAD-B30B-862F55BDE149}.Debug|x64.Build.0 = Debug|Any CPU
		{4F6C359F-D6EF-4BAD-B30B-862F55BDE149}.Debug|x86.ActiveCfg = Debug|Any CPU
		{4F6C359F-D6EF-4BAD-B30B-862F55BDE149}.Debug|x86.Build.0 = Debug|Any CPU
		{4F6C359F-D6EF-4BAD-B30B-862F55BDE149}.Release|Any CPU.ActiveCfg = Release|Any CPU
		{4F6C359F-D6EF-4BAD-B30B-862F55BDE149}.Release|Any CPU.Build.0 = Release|Any CPU
		{4F6C359F-D6EF-4BAD-B30B-862F55BDE149}.Release|x64.ActiveCfg = Release|Any CPU
		{4F6C359F-D6EF-4BAD-B30B-862F55BDE149}.Release|x64.Build.0 = Release|Any CPU
		{4F6C359F-D6EF-4BAD-B30B-862F55BDE149}.Release|x86.ActiveCfg = Release|Any CPU
		{4F6C359F-D6EF-4BAD-B30B-862F55BDE149}.Release|x86.Build.0 = Release|Any CPU
	EndGlobalSection
EndGlobal
